
Microsoft Visual Studio Solution File, Format Version 12.00
# Visual Studio Version 17
VisualStudioVersion = 17.0.31903.59
MinimumVisualStudioVersion = 10.0.40219.1
Project("{FAE04EC0-301F-11D3-BF4B-00C04F79EFBC}") = "Structural", "Structural\Structural.csproj", "{DED58CCF-8AF7-4F7D-82F0-F4E456A3B0A6}"
EndProject
Project("{FAE04EC0-301F-11D3-BF4B-00C04F79EFBC}") = "ChatApp", "ChatApp\ChatApp.csproj", "{B37B1968-98B8-4F02-B700-2ADBC81D5423}"
EndProject
Global
	GlobalSection(SolutionConfigurationPlatforms) = preSolution
		Debug|Any CPU = Debug|Any CPU
		Release|Any CPU = Release|Any CPU
	EndGlobalSection
	GlobalSection(SolutionProperties) = preSolution
		HideSolutionNode = FALSE
	EndGlobalSection
	GlobalSection(ProjectConfigurationPlatforms) = postSolution
		{DED58CCF-8AF7-4F7D-82F0-F4E456A3B0A6}.Debug|Any CPU.ActiveCfg = Debug|Any CPU
		{DED58CCF-8AF7-4F7D-82F0-F4E456A3B0A6}.Debug|Any CPU.Build.0 = Debug|Any CPU
		{DED58CCF-8AF7-4F7D-82F0-F4E456A3B0A6}.Release|Any CPU.ActiveCfg = Release|Any CPU
		{DED58CCF-8AF7-4F7D-82F0-F4E456A3B0A6}.Release|Any CPU.Build.0 = Release|Any CPU
		{B37B1968-98B8-4F02-B700-2ADBC81D5423}.Debug|Any CPU.ActiveCfg = Debug|Any CPU
		{B37B1968-98B8-4F02-B700-2ADBC81D5423}.Debug|Any CPU.Build.0 = Debug|Any CPU
		{B37B1968-98B8-4F02-B700-2ADBC81D5423}.Release|Any CPU.ActiveCfg = Release|Any CPU
		{B37B1968-98B8-4F02-B700-2ADBC81D5423}.Release|Any CPU.Build.0 = Release|Any CPU
	EndGlobalSection
EndGlobal
